# THIS IS AN AUTOGENERATED FILE. DO NOT EDIT THIS FILE DIRECTLY.
# yarn lockfile v1


bucky.js@^1.x:
  version "1.0.8"
  resolved "https://registry.yarnpkg.com/bucky.js/-/bucky.js-1.0.8.tgz#d5d1debf04f57960a025bbe4fedb2a8ef9586495"
  integrity sha512-QOOUFEYHN2+GpfU4YS5xL68gfXeISRQdvJcuI9BsNJMNh23MlxXFa1FgUn2s+FQHBNdindB+RJnf5MjlBBgVBA==

object.mn@^1.x:
  version "1.0.8"
  resolved "https://registry.yarnpkg.com/object.mn/-/object.mn-1.0.8.tgz#1692954135379d3ef278f09660209417bc4a970d"
  integrity sha512-mIoMIUAFwQrxDEetJQd8shXVUndtcxJ/GO2530RO5zXzCoCvYYaUZWz6BZO37b8q27mvDqElgzkUnHZu6M736w==
